
Microsoft Visual Studio Solution File, Format Version 10.00
# Visual Studio 2008
Project("{F184B08F-C81C-45F6-A57F-5ABD9991F28F}") = "mvcLibrary", "mvcLibrary.vbproj", "{6C638236-3944-43D6-B30E-809147DFAE54}"
EndProject
Global
	GlobalSection(SubversionScc) = preSolution
		Svn-Managed = True
		Manager = AnkhSVN - Subversion Support for Visual Studio
	EndGlobalSection
	GlobalSection(SolutionConfigurationPlatforms) = preSolution
		Debug|Any CPU = Debug|Any CPU
		Release|Any CPU = Release|Any CPU
	EndGlobalSection
	GlobalSection(ProjectConfigurationPlatforms) = postSolution
		{6C638236-3944-43D6-B30E-809147DFAE54}.Debug|Any CPU.ActiveCfg = Debug|Any CPU
		{6C638236-3944-43D6-B30E-809147DFAE54}.Debug|Any CPU.Build.0 = Debug|Any CPU
		{6C638236-3944-43D6-B30E-809147DFAE54}.Release|Any CPU.ActiveCfg = Release|Any CPU
		{6C638236-3944-43D6-B30E-809147DFAE54}.Release|Any CPU.Build.0 = Release|Any CPU
	EndGlobalSection
	GlobalSection(SolutionProperties) = preSolution
		HideSolutionNode = FALSE
	EndGlobalSection
EndGlobal
